%{"cowboy": {:git, "git://github.com/extend/cowboy.git", "b87150c713fe16601b314451b2fe25b62bd820bb", []},
  "cowlib": {:git, "git://github.com/ninenines/cowlib.git", "d544a494af4dbc810fc9c15eaf5cc050cced1501", [ref: "1.0.0"]},
  "hackney": {:package, "0.14.1"},
  "httpoison": {:git, "git://github.com/edgurgel/httpoison.git", "200c269d11b7978158183defe37561e491fcc6fe", []},
  "idna": {:package, "1.0.1"},
  "json": {:git, "git://github.com/cblage/elixir-json.git", "0b2839d6300b3a872f2aa3c1062fb5f3322fddbf", []},
  "pogo": {:git, "git://github.com/randysecrist/pogo.git", "59da972f33ec100c0219409c81f916e489bac33e", []},
  "ranch": {:git, "git://github.com/ninenines/ranch.git", "adf1822defc2b7cfdc7aca112adabfa1d614043c", [ref: "1.0.0"]},
  "relex": {:git, "git://github.com/khia/relex.git", "ac00771c212137cdae7ccd62493252ce59ba50bb", []}}
